
Microsoft Visual Studio Solution File, Format Version 12.00
# Visual Studio Version 17
VisualStudioVersion = 17.14.36705.20
MinimumVisualStudioVersion = 10.0.40219.1
Project("{FAE04EC0-301F-11D3-BF4B-00C04F79EFBC}") = "Application", "..\Application\Application.csproj", "{35642BD1-76E1-4178-85ED-C466F6E0EDD7}"
EndProject
Project("{FAE04EC0-301F-11D3-BF4B-00C04F79EFBC}") = "Domain", "..\Domain\Domain.csproj", "{6224564A-C317-4BBD-A1E7-9FEB997E3C3F}"
EndProject
Project("{FAE04EC0-301F-11D3-BF4B-00C04F79EFBC}") = "Infrastructure", "..\Infrastructure\Infrastructure.csproj", "{4329BBD2-D4ED-4A55-836F-CEA9519100EB}"
EndProject
Project("{FAE04EC0-301F-11D3-BF4B-00C04F79EFBC}") = "Shared", "..\Shared\Shared.csproj", "{E143DBF7-2766-4D74-8BB2-14E736B140D2}"
EndProject
Project("{FAE04EC0-301F-11D3-BF4B-00C04F79EFBC}") = "Api", "..\ApiS\Api.csproj", "{9E71F895-32C7-4D15-B9E4-E06ED37DFF41}"
EndProject
Global
	GlobalSection(SolutionConfigurationPlatforms) = preSolution
		Debug|Any CPU = Debug|Any CPU
		Release|Any CPU = Release|Any CPU
	EndGlobalSection
	GlobalSection(ProjectConfigurationPlatforms) = postSolution
		{35642BD1-76E1-4178-85ED-C466F6E0EDD7}.Debug|Any CPU.ActiveCfg = Debug|Any CPU
		{35642BD1-76E1-4178-85ED-C466F6E0EDD7}.Debug|Any CPU.Build.0 = Debug|Any CPU
		{35642BD1-76E1-4178-85ED-C466F6E0EDD7}.Release|Any CPU.ActiveCfg = Release|Any CPU
		{35642BD1-76E1-4178-85ED-C466F6E0EDD7}.Release|Any CPU.Build.0 = Release|Any CPU
		{6224564A-C317-4BBD-A1E7-9FEB997E3C3F}.Debug|Any CPU.ActiveCfg = Debug|Any CPU
		{6224564A-C317-4BBD-A1E7-9FEB997E3C3F}.Debug|Any CPU.Build.0 = Debug|Any CPU
		{6224564A-C317-4BBD-A1E7-9FEB997E3C3F}.Release|Any CPU.ActiveCfg = Release|Any CPU
		{6224564A-C317-4BBD-A1E7-9FEB997E3C3F}.Release|Any CPU.Build.0 = Release|Any CPU
		{4329BBD2-D4ED-4A55-836F-CEA9519100EB}.Debug|Any CPU.ActiveCfg = Debug|Any CPU
		{4329BBD2-D4ED-4A55-836F-CEA9519100EB}.Debug|Any CPU.Build.0 = Debug|Any CPU
		{4329BBD2-D4ED-4A55-836F-CEA9519100EB}.Release|Any CPU.ActiveCfg = Release|Any CPU
		{4329BBD2-D4ED-4A55-836F-CEA9519100EB}.Release|Any CPU.Build.0 = Release|Any CPU
		{E143DBF7-2766-4D74-8BB2-14E736B140D2}.Debug|Any CPU.ActiveCfg = Debug|Any CPU
		{E143DBF7-2766-4D74-8BB2-14E736B140D2}.Debug|Any CPU.Build.0 = Debug|Any CPU
		{E143DBF7-2766-4D74-8BB2-14E736B140D2}.Release|Any CPU.ActiveCfg = Release|Any CPU
		{E143DBF7-2766-4D74-8BB2-14E736B140D2}.Release|Any CPU.Build.0 = Release|Any CPU
		{9E71F895-32C7-4D15-B9E4-E06ED37DFF41}.Debug|Any CPU.ActiveCfg = Debug|Any CPU
		{9E71F895-32C7-4D15-B9E4-E06ED37DFF41}.Debug|Any CPU.Build.0 = Debug|Any CPU
		{9E71F895-32C7-4D15-B9E4-E06ED37DFF41}.Release|Any CPU.ActiveCfg = Release|Any CPU
		{9E71F895-32C7-4D15-B9E4-E06ED37DFF41}.Release|Any CPU.Build.0 = Release|Any CPU
	EndGlobalSection
	GlobalSection(SolutionProperties) = preSolution
		HideSolutionNode = FALSE
	EndGlobalSection
	GlobalSection(ExtensibilityGlobals) = postSolution
		SolutionGuid = {DC4B70D6-5AA2-44A7-8237-55B1ACC48927}
	EndGlobalSection
EndGlobal
